lockfileVersion: '9.0'

settings:
  autoInstallPeers: true
  excludeLinksFromLockfile: false

importers:

  .:
    devDependencies:
      '@types/node':
        specifier: ^20.0.0
        version: 20.19.43
      typescript:
        specifier: ^5.0.0
        version: 5.9.3

  examples/fullstack-react:
    dependencies:
      '@nexo-alpha/context':
        specifier: workspace:*
        version: link:../../packages/context
      '@nexo-alpha/core':
        specifier: workspace:*
        version: link:../../packages/core
      '@nexo-alpha/hapi':
        specifier: workspace:*
        version: link:../../packages/hapi
      '@nexo-alpha/scheduler':
        specifier: workspace:*
        version: link:../../packages/scheduler
      '@nexo-alpha/tools':
        specifier: workspace:*
        version: link:../../packages/tools

  examples/hello-world:
    dependencies:
      '@nexo-alpha/context':
        specifier: workspace:*
        version: link:../../packages/context
      '@nexo-alpha/core':
        specifier: workspace:*
        version: link:../../packages/core
      '@nexo-alpha/hapi':
        specifier: workspace:*
        version: link:../../packages/hapi

  packages/cli:
    dependencies:
      '@nexo-alpha/context':
        specifier: workspace:*
        version: link:../context
      '@nexo-alpha/core':
        specifier: workspace:*
        version: link:../core
      '@nexo-alpha/tools':
        specifier: workspace:*
        version: link:../tools
    devDependencies:
      '@types/node':
        specifier: ^20.0.0
        version: 20.19.43
      typescript:
        specifier: ^5.0.0
        version: 5.9.3

  packages/context:
    dependencies:
      '@nexo-alpha/core':
        specifier: workspace:*
        version: link:../core
    devDependencies:
      '@types/node':
        specifier: ^20.0.0
        version: 20.19.43
      typescript:
        specifier: ^5.0.0
        version: 5.9.3

  packages/core:
    devDependencies:
      '@types/node':
        specifier: ^20.0.0
        version: 20.19.43
      typescript:
        specifier: ^5.0.0
        version: 5.9.3

  packages/create-nexo-app:
    devDependencies:
      '@types/node':
        specifier: ^20.0.0
        version: 20.19.43
      typescript:
        specifier: ^5.0.0
        version: 5.9.3

  packages/hapi:
    dependencies:
      '@hapi/hapi':
        specifier: ^21.0.0
        version: 21.4.10
      '@nexo-alpha/core':
        specifier: workspace:*
        version: link:../core
    devDependencies:
      '@types/node':
        specifier: ^20.0.0
        version: 20.19.43
      typescript:
        specifier: ^5.0.0
        version: 5.9.3

  packages/scheduler:
    dependencies:
      '@nexo-alpha/core':
        specifier: workspace:*
        version: link:../core
    devDependencies:
      '@types/node':
        specifier: ^20.0.0
        version: 20.19.43
      typescript:
        specifier: ^5.0.0
        version: 5.9.3

  packages/tools:
    dependencies:
      '@nexo-alpha/context':
        specifier: workspace:*
        version: link:../context
      '@nexo-alpha/core':
        specifier: workspace:*
        version: link:../core
    devDependencies:
      '@types/node':
        specifier: ^20.0.0
        version: 20.19.43
      typescript:
        specifier: ^5.0.0
        version: 5.9.3

packages:

  '@hapi/accept@6.0.3':
    resolution: {integrity: sha512-p72f9k56EuF0n3MwlBNThyVE5PXX40g+aQh+C/xbKrfzahM2Oispv3AXmOIU51t3j77zay1qrX7IIziZXspMlw==}

  '@hapi/ammo@6.0.1':
    resolution: {integrity: sha512-pmL+nPod4g58kXrMcsGLp05O2jF4P2Q3GiL8qYV7nKYEh3cGf+rV4P5Jyi2Uq0agGhVU63GtaSAfBEZOlrJn9w==}

  '@hapi/b64@6.0.1':
    resolution: {integrity: sha512-ZvjX4JQReUmBheeCq+S9YavcnMMHWqx3S0jHNXWIM1kQDxB9cyfSycpVvjfrKcIS8Mh5N3hmu/YKo4Iag9g2Kw==}

  '@hapi/boom@10.0.1':
    resolution: {integrity: sha512-ERcCZaEjdH3OgSJlyjVk8pHIFeus91CjKP3v+MpgBNp5IvGzP2l/bRiD78nqYcKPaZdbKkK5vDBVPd2ohHBlsA==}

  '@hapi/bounce@3.0.2':
    resolution: {integrity: sha512-d0XmlTi3H9HFDHhQLjg4F4auL1EY3Wqj7j7/hGDhFFe6xAbnm3qiGrXeT93zZnPH8gH+SKAFYiRzu26xkXcH3g==}

  '@hapi/bourne@3.0.0':
    resolution: {integrity: sha512-Waj1cwPXJDucOib4a3bAISsKJVb15MKi9IvmTI/7ssVEm6sywXGjVJDhl6/umt1pK1ZS7PacXU3A1PmFKHEZ2w==}

  '@hapi/call@9.0.1':
    resolution: {integrity: sha512-uPojQRqEL1GRZR4xXPqcLMujQGaEpyVPRyBlD8Pp5rqgIwLhtveF9PkixiKru2THXvuN8mUrLeet5fqxKAAMGg==}

  '@hapi/catbox-memory@6.0.2':
    resolution: {integrity: sha512-H1l4ugoFW/ZRkqeFrIo8p1rWN0PA4MDTfu4JmcoNDvnY975o29mqoZblqFTotxNHlEkMPpIiIBJTV+Mbi+aF0g==}

  '@hapi/catbox@12.1.1':
    resolution: {integrity: sha512-hDqYB1J+R0HtZg4iPH3LEnldoaBsar6bYp0EonBmNQ9t5CO+1CqgCul2ZtFveW1ReA5SQuze9GPSU7/aecERhw==}

  '@hapi/content@6.0.2':
    resolution: {integrity: sha512-OKyCOTjNR1hftwSjk9ueyAQTw8AwapvzBrPIWMGn39vhR5PmqLdYFmLc35bsSBye7gSMnlkXfc679bUdMIcRyQ==}

  '@hapi/cryptiles@6.0.3':
    resolution: {integrity: sha512-r6VKalpbMHz4ci3gFjFysBmhwCg70RpYZy6OkjEpdXzAYnYFX5XsW7n4YMJvuIYpnMwLxGUjK/cBhA7X3JDvXw==}
    engines: {node: '>=14.0.0'}

  '@hapi/file@3.0.0':
    resolution: {integrity: sha512-w+lKW+yRrLhJu620jT3y+5g2mHqnKfepreykvdOcl9/6up8GrQQn+l3FRTsjHTKbkbfQFkuksHpdv2EcpKcJ4Q==}

  '@hapi/hapi@21.4.10':
    resolution: {integrity: sha512-G0l7tch1/85Gkyasmmjvjam2IWbx/9zCp4AQx4nZ/nn/rrrmVmRvFejj2ZGe5j3wFZVCLt2+Zeg95ImFFom+7w==}
    engines: {node: '>=14.15.0'}

  '@hapi/heavy@8.0.1':
    resolution: {integrity: sha512-gBD/NANosNCOp6RsYTsjo2vhr5eYA3BEuogk6cxY0QdhllkkTaJFYtTXv46xd6qhBVMbMMqcSdtqey+UQU3//w==}

  '@hapi/hoek@11.0.7':
    resolution: {integrity: sha512-HV5undWkKzcB4RZUusqOpcgxOaq6VOAH7zhhIr2g3G8NF/MlFO75SjOr2NfuSx0Mh40+1FqCkagKLJRykUWoFQ==}

  '@hapi/iron@7.0.1':
    resolution: {integrity: sha512-tEZnrOujKpS6jLKliyWBl3A9PaE+ppuL/+gkbyPPDb/l2KSKQyH4lhMkVb+sBhwN+qaxxlig01JRqB8dk/mPxQ==}

  '@hapi/mimos@7.0.1':
    resolution: {integrity: sha512-b79V+BrG0gJ9zcRx1VGcCI6r6GEzzZUgiGEJVoq5gwzuB2Ig9Cax8dUuBauQCFKvl2YWSWyOc8mZ8HDaJOtkew==}

  '@hapi/nigel@5.0.1':
    resolution: {integrity: sha512-uv3dtYuB4IsNaha+tigWmN8mQw/O9Qzl5U26Gm4ZcJVtDdB1AVJOwX3X5wOX+A07qzpEZnOMBAm8jjSqGsU6Nw==}
    engines: {node: '>=14.0.0'}

  '@hapi/pez@6.1.1':
    resolution: {integrity: sha512-yg2OS1tC0S1sHXvhUtWsfRn6lrKl9jKtRhZ+EI0woOW/gqX5vM2PZ1459ypCvCYDRLJ9nIyueeEH5MJV1ZDqIg==}

  '@hapi/podium@5.0.2':
    resolution: {integrity: sha512-T7gf2JYHQQfEfewTQFbsaXoZxSvuXO/QBIGljucUQ/lmPnTTNAepoIKOakWNVWvo2fMEDjycu77r8k6dhreqHA==}

  '@hapi/shot@6.0.3':
    resolution: {integrity: sha512-xKmKONUE5AxUNK+EQCSCz35UpPq4cSy6wRCFvMLCDHdyPeXsmAvwxvU4OemGqpWHtAQHyCPjnDbm/fEU9O6l/w==}

  '@hapi/somever@4.1.1':
    resolution: {integrity: sha512-lt3QQiDDOVRatS0ionFDNrDIv4eXz58IibQaZQDOg4DqqdNme8oa0iPWcE0+hkq/KTeBCPtEOjDOBKBKwDumVg==}

  '@hapi/statehood@8.2.1':
    resolution: {integrity: sha512-xf72TG/QINW26jUu+uL5H+crE1o8GplIgfPWwPZhnAGJzetIVAQEQYvzq+C0aEVHg5/lMMtQ+L9UryuSa5Yjkg==}

  '@hapi/subtext@8.1.3':
    resolution: {integrity: sha512-WTpEZQjBP3UJ3gGunNl3w5Ao1EOJsuu2vttZ2KEcG+csSLxc0dI6VIkl2md2jDlHiQ2ARAoqdSUScy05A/NHtA==}

  '@hapi/teamwork@6.0.1':
    resolution: {integrity: sha512-52OXRslUfYwXAOG8k58f2h2ngXYQGP0x5RPOo+eWA/FtyLgHjGMrE3+e9LSXP/0q2YfHAK5wj9aA9DTy1K+kyQ==}
    engines: {node: '>=14.0.0'}

  '@hapi/topo@6.0.2':
    resolution: {integrity: sha512-KR3rD5inZbGMrHmgPxsJ9dbi6zEK+C3ZwUwTa+eMwWLz7oijWUTWD2pMSNNYJAU6Qq+65NkxXjqHr/7LM2Xkqg==}

  '@hapi/validate@2.0.1':
    resolution: {integrity: sha512-NZmXRnrSLK8MQ9y/CMqE9WSspgB9xA41/LlYR0k967aSZebWr4yNrpxIbov12ICwKy4APSlWXZga9jN5p6puPA==}

  '@hapi/vise@5.0.1':
    resolution: {integrity: sha512-XZYWzzRtINQLedPYlIkSkUr7m5Ddwlu99V9elh8CSygXstfv3UnWIXT0QD+wmR0VAG34d2Vx3olqcEhRRoTu9A==}

  '@hapi/wreck@18.1.2':
    resolution: {integrity: sha512-3dMnV2pfhQiyEqu8DL3VBmxkdLiRDiiUDuG79Dp+UK1gL9ZxAfDOUhB6k3D5MLqcgJJ1IARyGFhwoc1NITr/pg==}

  '@types/node@20.19.43':
    resolution: {integrity: sha512-6oYBAi5ikg4Pl+kGsoYtawUMBT2zZMCvPNF7pVLnHZfd1zf38DRiWn/gT01RYCdUqkv7Fhr+C9ot4/tb+2sVvA==}

  mime-db@1.54.0:
    resolution: {integrity: sha512-aU5EJuIN2WDemCcAp2vFBfp/m4EAhWJnUNSSw0ixs7/kXbd6Pg64EmwJkNdFhB8aWt1sH2CTXrLxo/iAGV3oPQ==}
    engines: {node: '>= 0.6'}

  typescript@5.9.3:
    resolution: {integrity: sha512-jl1vZzPDinLr9eUt3J/t7V6FgNEw9QjvBPdysz9KfQDD41fQrC2Y4vKQdiaUpFT4bXlb1RHhLpp8wtm6M5TgSw==}
    engines: {node: '>=14.17'}
    hasBin: true

  undici-types@6.21.0:
    resolution: {integrity: sha512-iwDZqg0QAGrg9Rav5H4n0M64c3mkR59cJ6wQp+7C4nI0gsmExaedaYLNO44eT4AtBBwjbTiGPMlt2Md0T9H9JQ==}

snapshots:

  '@hapi/accept@6.0.3':
    dependencies:
      '@hapi/boom': 10.0.1
      '@hapi/hoek': 11.0.7

  '@hapi/ammo@6.0.1':
    dependencies:
      '@hapi/hoek': 11.0.7

  '@hapi/b64@6.0.1':
    dependencies:
      '@hapi/hoek': 11.0.7

  '@hapi/boom@10.0.1':
    dependencies:
      '@hapi/hoek': 11.0.7

  '@hapi/bounce@3.0.2':
    dependencies:
      '@hapi/boom': 10.0.1
      '@hapi/hoek': 11.0.7

  '@hapi/bourne@3.0.0': {}

  '@hapi/call@9.0.1':
    dependencies:
      '@hapi/boom': 10.0.1
      '@hapi/hoek': 11.0.7

  '@hapi/catbox-memory@6.0.2':
    dependencies:
      '@hapi/boom': 10.0.1
      '@hapi/hoek': 11.0.7

  '@hapi/catbox@12.1.1':
    dependencies:
      '@hapi/boom': 10.0.1
      '@hapi/hoek': 11.0.7
      '@hapi/podium': 5.0.2
      '@hapi/validate': 2.0.1

  '@hapi/content@6.0.2':
    dependencies:
      '@hapi/boom': 10.0.1

  '@hapi/cryptiles@6.0.3':
    dependencies:
      '@hapi/boom': 10.0.1

  '@hapi/file@3.0.0': {}

  '@hapi/hapi@21.4.10':
    dependencies:
      '@hapi/accept': 6.0.3
      '@hapi/ammo': 6.0.1
      '@hapi/boom': 10.0.1
      '@hapi/bounce': 3.0.2
      '@hapi/call': 9.0.1
      '@hapi/catbox': 12.1.1
      '@hapi/catbox-memory': 6.0.2
      '@hapi/heavy': 8.0.1
      '@hapi/hoek': 11.0.7
      '@hapi/mimos': 7.0.1
      '@hapi/podium': 5.0.2
      '@hapi/shot': 6.0.3
      '@hapi/somever': 4.1.1
      '@hapi/statehood': 8.2.1
      '@hapi/subtext': 8.1.3
      '@hapi/teamwork': 6.0.1
      '@hapi/topo': 6.0.2
      '@hapi/validate': 2.0.1

  '@hapi/heavy@8.0.1':
    dependencies:
      '@hapi/boom': 10.0.1
      '@hapi/hoek': 11.0.7
      '@hapi/validate': 2.0.1

  '@hapi/hoek@11.0.7': {}

  '@hapi/iron@7.0.1':
    dependencies:
      '@hapi/b64': 6.0.1
      '@hapi/boom': 10.0.1
      '@hapi/bourne': 3.0.0
      '@hapi/cryptiles': 6.0.3
      '@hapi/hoek': 11.0.7

  '@hapi/mimos@7.0.1':
    dependencies:
      '@hapi/hoek': 11.0.7
      mime-db: 1.54.0

  '@hapi/nigel@5.0.1':
    dependencies:
      '@hapi/hoek': 11.0.7
      '@hapi/vise': 5.0.1

  '@hapi/pez@6.1.1':
    dependencies:
      '@hapi/b64': 6.0.1
      '@hapi/boom': 10.0.1
      '@hapi/content': 6.0.2
      '@hapi/hoek': 11.0.7
      '@hapi/nigel': 5.0.1

  '@hapi/podium@5.0.2':
    dependencies:
      '@hapi/hoek': 11.0.7
      '@hapi/teamwork': 6.0.1
      '@hapi/validate': 2.0.1

  '@hapi/shot@6.0.3':
    dependencies:
      '@hapi/hoek': 11.0.7
      '@hapi/validate': 2.0.1

  '@hapi/somever@4.1.1':
    dependencies:
      '@hapi/bounce': 3.0.2
      '@hapi/hoek': 11.0.7

  '@hapi/statehood@8.2.1':
    dependencies:
      '@hapi/boom': 10.0.1
      '@hapi/bounce': 3.0.2
      '@hapi/bourne': 3.0.0
      '@hapi/cryptiles': 6.0.3
      '@hapi/hoek': 11.0.7
      '@hapi/iron': 7.0.1
      '@hapi/validate': 2.0.1

  '@hapi/subtext@8.1.3':
    dependencies:
      '@hapi/boom': 10.0.1
      '@hapi/bourne': 3.0.0
      '@hapi/content': 6.0.2
      '@hapi/file': 3.0.0
      '@hapi/hoek': 11.0.7
      '@hapi/pez': 6.1.1
      '@hapi/wreck': 18.1.2

  '@hapi/teamwork@6.0.1': {}

  '@hapi/topo@6.0.2':
    dependencies:
      '@hapi/hoek': 11.0.7

  '@hapi/validate@2.0.1':
    dependencies:
      '@hapi/hoek': 11.0.7
      '@hapi/topo': 6.0.2

  '@hapi/vise@5.0.1':
    dependencies:
      '@hapi/hoek': 11.0.7

  '@hapi/wreck@18.1.2':
    dependencies:
      '@hapi/boom': 10.0.1
      '@hapi/bourne': 3.0.0
      '@hapi/hoek': 11.0.7

  '@types/node@20.19.43':
    dependencies:
      undici-types: 6.21.0

  mime-db@1.54.0: {}

  typescript@5.9.3: {}

  undici-types@6.21.0: {}
